
Microsoft Visual Studio Solution File, Format Version 12.00
# Visual Studio 15
VisualStudioVersion = 15.0.26228.4
MinimumVisualStudioVersion = 10.0.40219.1
Project("{FAE04EC0-301F-11D3-BF4B-00C04F79EFBC}") = "Comparer.GUI", "Comparer.GUI\Comparer.GUI.csproj", "{FAA63126-2998-4EDE-A903-5CB7B92B2601}"
EndProject
Project("{FAE04EC0-301F-11D3-BF4B-00C04F79EFBC}") = "ConnectionStringCreatorGUI", "ConnectionStringCreatorGUI\ConnectionStringCreatorGUI.csproj", "{7319917A-8A1B-41CA-99BC-6E14C324DC63}"
EndProject
Project("{FAE04EC0-301F-11D3-BF4B-00C04F79EFBC}") = "DataSetTools", "..\lib\MSSQLDataSetTools\DataSetComparer\DataSetTools.csproj", "{BFC268BE-5EBC-4084-A6B2-DB0590005B01}"
EndProject
Global
	GlobalSection(SolutionConfigurationPlatforms) = preSolution
		Debug|Any CPU = Debug|Any CPU
		Release|Any CPU = Release|Any CPU
	EndGlobalSection
	GlobalSection(ProjectConfigurationPlatforms) = postSolution
		{FAA63126-2998-4EDE-A903-5CB7B92B2601}.Debug|Any CPU.ActiveCfg = Debug|Any CPU
		{FAA63126-2998-4EDE-A903-5CB7B92B2601}.Debug|Any CPU.Build.0 = Debug|Any CPU
		{FAA63126-2998-4EDE-A903-5CB7B92B2601}.Release|Any CPU.ActiveCfg = Release|Any CPU
		{FAA63126-2998-4EDE-A903-5CB7B92B2601}.Release|Any CPU.Build.0 = Release|Any CPU
		{7319917A-8A1B-41CA-99BC-6E14C324DC63}.Debug|Any CPU.ActiveCfg = Debug|Any CPU
		{7319917A-8A1B-41CA-99BC-6E14C324DC63}.Debug|Any CPU.Build.0 = Debug|Any CPU
		{7319917A-8A1B-41CA-99BC-6E14C324DC63}.Release|Any CPU.ActiveCfg = Release|Any CPU
		{7319917A-8A1B-41CA-99BC-6E14C324DC63}.Release|Any CPU.Build.0 = Release|Any CPU
		{BFC268BE-5EBC-4084-A6B2-DB0590005B01}.Debug|Any CPU.ActiveCfg = Debug|Any CPU
		{BFC268BE-5EBC-4084-A6B2-DB0590005B01}.Debug|Any CPU.Build.0 = Debug|Any CPU
		{BFC268BE-5EBC-4084-A6B2-DB0590005B01}.Release|Any CPU.ActiveCfg = Release|Any CPU
		{BFC268BE-5EBC-4084-A6B2-DB0590005B01}.Release|Any CPU.Build.0 = Release|Any CPU
	EndGlobalSection
	GlobalSection(SolutionProperties) = preSolution
		HideSolutionNode = FALSE
	EndGlobalSection
EndGlobal
